<Solution>
  <Project Path="Termrig.App/Termrig.App.csproj" />
  <Project Path="Termrig.Core/Termrig.Core.csproj" />
  <Project Path="Test.Automated/Test.Automated.csproj" />
  <Project Path="Test.Nunit/Test.Nunit.csproj" />
  <Project Path="Test.Shared/Test.Shared.csproj" />
  <Project Path="Test.Xunit/Test.Xunit.csproj" />
</Solution>
